
Microsoft Visual Studio Solution File, Format Version 12.00
# Visual Studio Version 17
VisualStudioVersion = 17.10.35027.167
MinimumVisualStudioVersion = 10.0.40219.1
Project("{FAE04EC0-301F-11D3-BF4B-00C04F79EFBC}") = "LoadBalancing.Ocelot", "LoadBalancing.Ocelot\LoadBalancing.Ocelot.csproj", "{8AA27476-BA96-4160-A44A-D791009AB021}"
EndProject
Project("{FAE04EC0-301F-11D3-BF4B-00C04F79EFBC}") = "API1", "API1\API1.csproj", "{33D70B76-4E10-47E0-9EA1-6C79C771CC59}"
EndProject
Project("{FAE04EC0-301F-11D3-BF4B-00C04F79EFBC}") = "API2", "API2\API2.csproj", "{F5A44DAB-60DC-49C7-A24E-5732E14CED79}"
EndProject
Project("{FAE04EC0-301F-11D3-BF4B-00C04F79EFBC}") = "API3", "API3\API3.csproj", "{C4A531BD-B20A-455B-B905-EE0D0A95A4FD}"
EndProject
Global
	GlobalSection(SolutionConfigurationPlatforms) = preSolution
		Debug|Any CPU = Debug|Any CPU
		Release|Any CPU = Release|Any CPU
	EndGlobalSection
	GlobalSection(ProjectConfigurationPlatforms) = postSolution
		{8AA27476-BA96-4160-A44A-D791009AB021}.Debug|Any CPU.ActiveCfg = Debug|Any CPU
		{8AA27476-BA96-4160-A44A-D791009AB021}.Debug|Any CPU.Build.0 = Debug|Any CPU
		{8AA27476-BA96-4160-A44A-D791009AB021}.Release|Any CPU.ActiveCfg = Release|Any CPU
		{8AA27476-BA96-4160-A44A-D791009AB021}.Release|Any CPU.Build.0 = Release|Any CPU
		{33D70B76-4E10-47E0-9EA1-6C79C771CC59}.Debug|Any CPU.ActiveCfg = Debug|Any CPU
		{33D70B76-4E10-47E0-9EA1-6C79C771CC59}.Debug|Any CPU.Build.0 = Debug|Any CPU
		{33D70B76-4E10-47E0-9EA1-6C79C771CC59}.Release|Any CPU.ActiveCfg = Release|Any CPU
		{33D70B76-4E10-47E0-9EA1-6C79C771CC59}.Release|Any CPU.Build.0 = Release|Any CPU
		{F5A44DAB-60DC-49C7-A24E-5732E14CED79}.Debug|Any CPU.ActiveCfg = Debug|Any CPU
		{F5A44DAB-60DC-49C7-A24E-5732E14CED79}.Debug|Any CPU.Build.0 = Debug|Any CPU
		{F5A44DAB-60DC-49C7-A24E-5732E14CED79}.Release|Any CPU.ActiveCfg = Release|Any CPU
		{F5A44DAB-60DC-49C7-A24E-5732E14CED79}.Release|Any CPU.Build.0 = Release|Any CPU
		{C4A531BD-B20A-455B-B905-EE0D0A95A4FD}.Debug|Any CPU.ActiveCfg = Debug|Any CPU
		{C4A531BD-B20A-455B-B905-EE0D0A95A4FD}.Debug|Any CPU.Build.0 = Debug|Any CPU
		{C4A531BD-B20A-455B-B905-EE0D0A95A4FD}.Release|Any CPU.ActiveCfg = Release|Any CPU
		{C4A531BD-B20A-455B-B905-EE0D0A95A4FD}.Release|Any CPU.Build.0 = Release|Any CPU
	EndGlobalSection
	GlobalSection(SolutionProperties) = preSolution
		HideSolutionNode = FALSE
	EndGlobalSection
	GlobalSection(ExtensibilityGlobals) = postSolution
		SolutionGuid = {EE7D812C-FC0A-4436-BA25-92F80CEBB2B2}
	EndGlobalSection
EndGlobal
